
Microsoft Visual Studio Solution File, Format Version 12.00
# Visual Studio 15
VisualStudioVersion = 15.0.28307.271
MinimumVisualStudioVersion = 10.0.40219.1
Project("{8BC9CEB8-8B4A-11D0-8D11-00A0C91BC942}") = "COG", "Engine\COG.vcxproj", "{5EDA870B-CAE3-877C-535F-9E7CBF67937C}"
EndProject
Project("{8BC9CEB8-8B4A-11D0-8D11-00A0C91BC942}") = "GLFW", "Engine\vendor\GLFW\GLFW.vcxproj", "{154B857C-0182-860D-AA6E-6C109684020F}"
EndProject
Project("{8BC9CEB8-8B4A-11D0-8D11-00A0C91BC942}") = "Glad", "Engine\vendor\GLAD\Glad.vcxproj", "{BDD6857C-A90D-870D-52FA-6C103E10030F}"
EndProject
Project("{8BC9CEB8-8B4A-11D0-8D11-00A0C91BC942}") = "Test", "Tester\Test.vcxproj", "{45DC8C7C-3113-8E0D-DAFF-7310C6150A0F}"
EndProject
Global
	GlobalSection(SolutionConfigurationPlatforms) = preSolution
		Debug32|Win32 = Debug32|Win32
		Debug32|x64 = Debug32|x64
		Debug64|Win32 = Debug64|Win32
		Debug64|x64 = Debug64|x64
		Dist32|Win32 = Dist32|Win32
		Dist32|x64 = Dist32|x64
		Dist64|Win32 = Dist64|Win32
		Dist64|x64 = Dist64|x64
		Release32|Win32 = Release32|Win32
		Release32|x64 = Release32|x64
		Release64|Win32 = Release64|Win32
		Release64|x64 = Release64|x64
	EndGlobalSection
	GlobalSection(ProjectConfigurationPlatforms) = postSolution
		{5EDA870B-CAE3-877C-535F-9E7CBF67937C}.Debug32|Win32.ActiveCfg = Debug32|Win32
		{5EDA870B-CAE3-877C-535F-9E7CBF67937C}.Debug32|Win32.Build.0 = Debug32|Win32
		{5EDA870B-CAE3-877C-535F-9E7CBF67937C}.Debug32|x64.ActiveCfg = Debug32|x64
		{5EDA870B-CAE3-877C-535F-9E7CBF67937C}.Debug32|x64.Build.0 = Debug32|x64
		{5EDA870B-CAE3-877C-535F-9E7CBF67937C}.Debug64|Win32.ActiveCfg = Debug64|Win32
		{5EDA870B-CAE3-877C-535F-9E7CBF67937C}.Debug64|Win32.Build.0 = Debug64|Win32
		{5EDA870B-CAE3-877C-535F-9E7CBF67937C}.Debug64|x64.ActiveCfg = Debug64|x64
		{5EDA870B-CAE3-877C-535F-9E7CBF67937C}.Debug64|x64.Build.0 = Debug64|x64
		{5EDA870B-CAE3-877C-535F-9E7CBF67937C}.Dist32|Win32.ActiveCfg = Dist32|Win32
		{5EDA870B-CAE3-877C-535F-9E7CBF67937C}.Dist32|Win32.Build.0 = Dist32|Win32
		{5EDA870B-CAE3-877C-535F-9E7CBF67937C}.Dist32|x64.ActiveCfg = Dist32|x64
		{5EDA870B-CAE3-877C-535F-9E7CBF67937C}.Dist32|x64.Build.0 = Dist32|x64
		{5EDA870B-CAE3-877C-535F-9E7CBF67937C}.Dist64|Win32.ActiveCfg = Dist64|Win32
		{5EDA870B-CAE3-877C-535F-9E7CBF67937C}.Dist64|Win32.Build.0 = Dist64|Win32
		{5EDA870B-CAE3-877C-535F-9E7CBF67937C}.Dist64|x64.ActiveCfg = Dist64|x64
		{5EDA870B-CAE3-877C-535F-9E7CBF67937C}.Dist64|x64.Build.0 = Dist64|x64
		{5EDA870B-CAE3-877C-535F-9E7CBF67937C}.Release32|Win32.ActiveCfg = Release32|Win32
		{5EDA870B-CAE3-877C-535F-9E7CBF67937C}.Release32|Win32.Build.0 = Release32|Win32
		{5EDA870B-CAE3-877C-535F-9E7CBF67937C}.Release32|x64.ActiveCfg = Release32|x64
		{5EDA870B-CAE3-877C-535F-9E7CBF67937C}.Release32|x64.Build.0 = Release32|x64
		{5EDA870B-CAE3-877C-535F-9E7CBF67937C}.Release64|Win32.ActiveCfg = Release64|Win32
		{5EDA870B-CAE3-877C-535F-9E7CBF67937C}.Release64|Win32.Build.0 = Release64|Win32
		{5EDA870B-CAE3-877C-535F-9E7CBF67937C}.Release64|x64.ActiveCfg = Release64|x64
		{5EDA870B-CAE3-877C-535F-9E7CBF67937C}.Release64|x64.Build.0 = Release64|x64
		{154B857C-0182-860D-AA6E-6C109684020F}.Debug32|Win32.ActiveCfg = Debug32|Win32
		{154B857C-0182-860D-AA6E-6C109684020F}.Debug32|Win32.Build.0 = Debug32|Win32
		{154B857C-0182-860D-AA6E-6C109684020F}.Debug32|x64.ActiveCfg = Debug32|x64
		{154B857C-0182-860D-AA6E-6C109684020F}.Debug32|x64.Build.0 = Debug32|x64
		{154B857C-0182-860D-AA6E-6C109684020F}.Debug64|Win32.ActiveCfg = Debug64|Win32
		{154B857C-0182-860D-AA6E-6C109684020F}.Debug64|Win32.Build.0 = Debug64|Win32
		{154B857C-0182-860D-AA6E-6C109684020F}.Debug64|x64.ActiveCfg = Debug64|x64
		{154B857C-0182-860D-AA6E-6C109684020F}.Debug64|x64.Build.0 = Debug64|x64
		{154B857C-0182-860D-AA6E-6C109684020F}.Dist32|Win32.ActiveCfg = Dist32|Win32
		{154B857C-0182-860D-AA6E-6C109684020F}.Dist32|Win32.Build.0 = Dist32|Win32
		{154B857C-0182-860D-AA6E-6C109684020F}.Dist32|x64.ActiveCfg = Dist32|x64
		{154B857C-0182-860D-AA6E-6C109684020F}.Dist32|x64.Build.0 = Dist32|x64
		{154B857C-0182-860D-AA6E-6C109684020F}.Dist64|Win32.ActiveCfg = Dist64|Win32
		{154B857C-0182-860D-AA6E-6C109684020F}.Dist64|Win32.Build.0 = Dist64|Win32
		{154B857C-0182-860D-AA6E-6C109684020F}.Dist64|x64.ActiveCfg = Dist64|x64
		{154B857C-0182-860D-AA6E-6C109684020F}.Dist64|x64.Build.0 = Dist64|x64
		{154B857C-0182-860D-AA6E-6C109684020F}.Release32|Win32.ActiveCfg = Release32|Win32
		{154B857C-0182-860D-AA6E-6C109684020F}.Release32|Win32.Build.0 = Release32|Win32
		{154B857C-0182-860D-AA6E-6C109684020F}.Release32|x64.ActiveCfg = Release32|x64
		{154B857C-0182-860D-AA6E-6C109684020F}.Release32|x64.Build.0 = Release32|x64
		{154B857C-0182-860D-AA6E-6C109684020F}.Release64|Win32.ActiveCfg = Release64|Win32
		{154B857C-0182-860D-AA6E-6C109684020F}.Release64|Win32.Build.0 = Release64|Win32
		{154B857C-0182-860D-AA6E-6C109684020F}.Release64|x64.ActiveCfg = Release64|x64
		{154B857C-0182-860D-AA6E-6C109684020F}.Release64|x64.Build.0 = Release64|x64
		{BDD6857C-A90D-870D-52FA-6C103E10030F}.Debug32|Win32.ActiveCfg = Debug32|Win32
		{BDD6857C-A90D-870D-52FA-6C103E10030F}.Debug32|Win32.Build.0 = Debug32|Win32
		{BDD6857C-A90D-870D-52FA-6C103E10030F}.Debug32|x64.ActiveCfg = Debug32|x64
		{BDD6857C-A90D-870D-52FA-6C103E10030F}.Debug32|x64.Build.0 = Debug32|x64
		{BDD6857C-A90D-870D-52FA-6C103E10030F}.Debug64|Win32.ActiveCfg = Debug64|Win32
		{BDD6857C-A90D-870D-52FA-6C103E10030F}.Debug64|Win32.Build.0 = Debug64|Win32
		{BDD6857C-A90D-870D-52FA-6C103E10030F}.Debug64|x64.ActiveCfg = Debug64|x64
		{BDD6857C-A90D-870D-52FA-6C103E10030F}.Debug64|x64.Build.0 = Debug64|x64
		{BDD6857C-A90D-870D-52FA-6C103E10030F}.Dist32|Win32.ActiveCfg = Dist32|Win32
		{BDD6857C-A90D-870D-52FA-6C103E10030F}.Dist32|Win32.Build.0 = Dist32|Win32
		{BDD6857C-A90D-870D-52FA-6C103E10030F}.Dist32|x64.ActiveCfg = Dist32|x64
		{BDD6857C-A90D-870D-52FA-6C103E10030F}.Dist32|x64.Build.0 = Dist32|x64
		{BDD6857C-A90D-870D-52FA-6C103E10030F}.Dist64|Win32.ActiveCfg = Dist64|Win32
		{BDD6857C-A90D-870D-52FA-6C103E10030F}.Dist64|Win32.Build.0 = Dist64|Win32
		{BDD6857C-A90D-870D-52FA-6C103E10030F}.Dist64|x64.ActiveCfg = Dist64|x64
		{BDD6857C-A90D-870D-52FA-6C103E10030F}.Dist64|x64.Build.0 = Dist64|x64
		{BDD6857C-A90D-870D-52FA-6C103E10030F}.Release32|Win32.ActiveCfg = Release32|Win32
		{BDD6857C-A90D-870D-52FA-6C103E10030F}.Release32|Win32.Build.0 = Release32|Win32
		{BDD6857C-A90D-870D-52FA-6C103E10030F}.Release32|x64.ActiveCfg = Release32|x64
		{BDD6857C-A90D-870D-52FA-6C103E10030F}.Release32|x64.Build.0 = Release32|x64
		{BDD6857C-A90D-870D-52FA-6C103E10030F}.Release64|Win32.ActiveCfg = Release64|Win32
		{BDD6857C-A90D-870D-52FA-6C103E10030F}.Release64|Win32.Build.0 = Release64|Win32
		{BDD6857C-A90D-870D-52FA-6C103E10030F}.Release64|x64.ActiveCfg = Release64|x64
		{BDD6857C-A90D-870D-52FA-6C103E10030F}.Release64|x64.Build.0 = Release64|x64
		{45DC8C7C-3113-8E0D-DAFF-7310C6150A0F}.Debug32|Win32.ActiveCfg = Debug32|Win32
		{45DC8C7C-3113-8E0D-DAFF-7310C6150A0F}.Debug32|Win32.Build.0 = Debug32|Win32
		{45DC8C7C-3113-8E0D-DAFF-7310C6150A0F}.Debug32|x64.ActiveCfg = Debug32|x64
		{45DC8C7C-3113-8E0D-DAFF-7310C6150A0F}.Debug32|x64.Build.0 = Debug32|x64
		{45DC8C7C-3113-8E0D-DAFF-7310C6150A0F}.Debug64|Win32.ActiveCfg = Debug64|Win32
		{45DC8C7C-3113-8E0D-DAFF-7310C6150A0F}.Debug64|Win32.Build.0 = Debug64|Win32
		{45DC8C7C-3113-8E0D-DAFF-7310C6150A0F}.Debug64|x64.ActiveCfg = Debug64|x64
		{45DC8C7C-3113-8E0D-DAFF-7310C6150A0F}.Debug64|x64.Build.0 = Debug64|x64
		{45DC8C7C-3113-8E0D-DAFF-7310C6150A0F}.Dist32|Win32.ActiveCfg = Dist32|Win32
		{45DC8C7C-3113-8E0D-DAFF-7310C6150A0F}.Dist32|Win32.Build.0 = Dist32|Win32
		{45DC8C7C-3113-8E0D-DAFF-7310C6150A0F}.Dist32|x64.ActiveCfg = Dist32|x64
		{45DC8C7C-3113-8E0D-DAFF-7310C6150A0F}.Dist32|x64.Build.0 = Dist32|x64
		{45DC8C7C-3113-8E0D-DAFF-7310C6150A0F}.Dist64|Win32.ActiveCfg = Dist64|Win32
		{45DC8C7C-3113-8E0D-DAFF-7310C6150A0F}.Dist64|Win32.Build.0 = Dist64|Win32
		{45DC8C7C-3113-8E0D-DAFF-7310C6150A0F}.Dist64|x64.ActiveCfg = Dist64|x64
		{45DC8C7C-3113-8E0D-DAFF-7310C6150A0F}.Dist64|x64.Build.0 = Dist64|x64
		{45DC8C7C-3113-8E0D-DAFF-7310C6150A0F}.Release32|Win32.ActiveCfg = Release32|Win32
		{45DC8C7C-3113-8E0D-DAFF-7310C6150A0F}.Release32|Win32.Build.0 = Release32|Win32
		{45DC8C7C-3113-8E0D-DAFF-7310C6150A0F}.Release32|x64.ActiveCfg = Release32|x64
		{45DC8C7C-3113-8E0D-DAFF-7310C6150A0F}.Release32|x64.Build.0 = Release32|x64
		{45DC8C7C-3113-8E0D-DAFF-7310C6150A0F}.Release64|Win32.ActiveCfg = Release64|Win32
		{45DC8C7C-3113-8E0D-DAFF-7310C6150A0F}.Release64|Win32.Build.0 = Release64|Win32
		{45DC8C7C-3113-8E0D-DAFF-7310C6150A0F}.Release64|x64.ActiveCfg = Release64|x64
		{45DC8C7C-3113-8E0D-DAFF-7310C6150A0F}.Release64|x64.Build.0 = Release64|x64
	EndGlobalSection
	GlobalSection(SolutionProperties) = preSolution
		HideSolutionNode = FALSE
	EndGlobalSection
	GlobalSection(ExtensibilityGlobals) = postSolution
		SolutionGuid = {76F6AD4E-5ED4-43CD-BE76-6D491A8D95A6}
	EndGlobalSection
EndGlobal
