<?xml version="1.0" encoding="utf-8"?>
<Project ToolsVersion="4.0" xmlns="http://schemas.microsoft.com/developer/msbuild/2003">
  <ItemGroup>
    <Filter Include="COG">
      <UniqueIdentifier>{5EDA870B-CAE3-877C-535F-9E7CBF67937C}</UniqueIdentifier>
    </Filter>
    <Filter Include="COG\Events">
      <UniqueIdentifier>{82709088-6E28-D2D5-D72F-AB31C3066DC6}</UniqueIdentifier>
    </Filter>
    <Filter Include="Platform">
      <UniqueIdentifier>{2AC788B4-1694-E3BF-3FAD-D1672BD9184E}</UniqueIdentifier>
    </Filter>
    <Filter Include="Platform\Windows">
      <UniqueIdentifier>{64FBD71A-50F4-F66C-7926-DCF1657ED678}</UniqueIdentifier>
    </Filter>
    <Filter Include="precomp">
      <UniqueIdentifier>{9B2482C2-0704-015E-101C-8C347C7A67BF}</UniqueIdentifier>
    </Filter>
  </ItemGroup>
  <ItemGroup>
    <ClInclude Include="src\COG.h" />
    <ClInclude Include="src\COG\COG_Engine.h">
      <Filter>COG</Filter>
    </ClInclude>
    <ClInclude Include="src\COG\Core.h">
      <Filter>COG</Filter>
    </ClInclude>
    <ClInclude Include="src\COG\Entry_Point.h">
      <Filter>COG</Filter>
    </ClInclude>
    <ClInclude Include="src\COG\Events\AppEvent.h">
      <Filter>COG\Events</Filter>
    </ClInclude>
    <ClInclude Include="src\COG\Events\Event.h">
      <Filter>COG\Events</Filter>
    </ClInclude>
    <ClInclude Include="src\COG\Events\KeyEvent.h">
      <Filter>COG\Events</Filter>
    </ClInclude>
    <ClInclude Include="src\COG\Events\MouseEvent.h">
      <Filter>COG\Events</Filter>
    </ClInclude>
    <ClInclude Include="src\COG\Log.h">
      <Filter>COG</Filter>
    </ClInclude>
    <ClInclude Include="src\COG\Window.h">
      <Filter>COG</Filter>
    </ClInclude>
    <ClInclude Include="src\Platform\Windows\WindowsWindow.h">
      <Filter>Platform\Windows</Filter>
    </ClInclude>
    <ClInclude Include="src\precomp\precomp.h">
      <Filter>precomp</Filter>
    </ClInclude>
    <ClInclude Include="src\COG\Version.h" />
    <ClInclude Include="src\COG\Layering\LayerStack.h" />
    <ClInclude Include="src\COG\Layering\Layer.h" />
    <ClInclude Include="src\COG\Utils\Vec2d.h" />
    <ClInclude Include="src\COG\Utils\Vec3d.h" />
  </ItemGroup>
  <ItemGroup>
    <ClCompile Include="src\COG\COG_Engine.cpp">
      <Filter>COG</Filter>
    </ClCompile>
    <ClCompile Include="src\COG\Log.cpp">
      <Filter>COG</Filter>
    </ClCompile>
    <ClCompile Include="src\COG\precomp.cpp">
      <Filter>COG</Filter>
    </ClCompile>
    <ClCompile Include="src\Platform\Windows\WindowsWindow.cpp">
      <Filter>Platform\Windows</Filter>
    </ClCompile>
    <ClCompile Include="src\COG\Layering\LayerStack.cpp" />
  </ItemGroup>
</Project>