<?xml version="1.0" encoding="utf-8"?>
<Project ToolsVersion="4.0" xmlns="http://schemas.microsoft.com/developer/msbuild/2003">
  <ItemGroup>
    <Filter Include="COG">
      <UniqueIdentifier>{5EDA870B-CAE3-877C-535F-9E7CBF67937C}</UniqueIdentifier>
    </Filter>
  </ItemGroup>
  <ItemGroup>
    <ClInclude Include="src\COG.h" />
    <ClInclude Include="src\COG\COG_Engine.h">
      <Filter>COG</Filter>
    </ClInclude>
    <ClInclude Include="src\COG\Core.h">
      <Filter>COG</Filter>
    </ClInclude>
    <ClInclude Include="src\COG\Entry_Point.h">
      <Filter>COG</Filter>
    </ClInclude>
    <ClInclude Include="src\COG\Log.h">
      <Filter>COG</Filter>
    </ClInclude>
    <ClInclude Include="src\COG\precomp\precomp.h" />
    <ClInclude Include="src\COG\Window.h" />
    <ClInclude Include="src\Platform\Windows\WindowsWindow.h" />
  </ItemGroup>
  <ItemGroup>
    <ClCompile Include="src\COG\COG_Engine.cpp">
      <Filter>COG</Filter>
    </ClCompile>
    <ClCompile Include="src\COG\Log.cpp">
      <Filter>COG</Filter>
    </ClCompile>
    <ClCompile Include="src\COG\precomp.cpp" />
  </ItemGroup>
</Project>