
Microsoft Visual Studio Solution File, Format Version 12.00
# Visual Studio 15
VisualStudioVersion = 15.0.28307.271
MinimumVisualStudioVersion = 10.0.40219.1
Project("{8BC9CEB8-8B4A-11D0-8D11-00A0C91BC942}") = "Tester", "..\Tester\Tester.vcxproj", "{553E2EFD-B274-4343-AB64-D3C0E0A67B8A}"
EndProject
Project("{8BC9CEB8-8B4A-11D0-8D11-00A0C91BC942}") = "Engine", "Engine.vcxproj", "{87978A55-D160-43C3-A40B-B7213255F48D}"
EndProject

Global
	GlobalSection(SolutionConfigurationPlatforms) = preSolution
		Debug|x64 = Debug|x64
		Debug|x86 = Debug|x86
		Release|x64 = Release|x64
		Release|x86 = Release|x86
	EndGlobalSection
	GlobalSection(ProjectConfigurationPlatforms) = postSolution
		{87978A55-D160-43C3-A40B-B7213255F48D}.Debug|x64.ActiveCfg = Debug|x64
		{87978A55-D160-43C3-A40B-B7213255F48D}.Debug|x64.Build.0 = Debug|x64
		{87978A55-D160-43C3-A40B-B7213255F48D}.Debug|x86.ActiveCfg = Debug|Win32
		{87978A55-D160-43C3-A40B-B7213255F48D}.Debug|x86.Build.0 = Debug|Win32
		{87978A55-D160-43C3-A40B-B7213255F48D}.Release|x64.ActiveCfg = Release|x64
		{87978A55-D160-43C3-A40B-B7213255F48D}.Release|x64.Build.0 = Release|x64
		{87978A55-D160-43C3-A40B-B7213255F48D}.Release|x86.ActiveCfg = Release|Win32
		{87978A55-D160-43C3-A40B-B7213255F48D}.Release|x86.Build.0 = Release|Win32
		{553E2EFD-B274-4343-AB64-D3C0E0A67B8A}.Debug|x64.ActiveCfg = Debug|x64
		{553E2EFD-B274-4343-AB64-D3C0E0A67B8A}.Debug|x64.Build.0 = Debug|x64
		{553E2EFD-B274-4343-AB64-D3C0E0A67B8A}.Debug|x86.ActiveCfg = Debug|Win32
		{553E2EFD-B274-4343-AB64-D3C0E0A67B8A}.Debug|x86.Build.0 = Debug|Win32
		{553E2EFD-B274-4343-AB64-D3C0E0A67B8A}.Release|x64.ActiveCfg = Release|x64
		{553E2EFD-B274-4343-AB64-D3C0E0A67B8A}.Release|x64.Build.0 = Release|x64
		{553E2EFD-B274-4343-AB64-D3C0E0A67B8A}.Release|x86.ActiveCfg = Release|Win32
		{553E2EFD-B274-4343-AB64-D3C0E0A67B8A}.Release|x86.Build.0 = Release|Win32
	EndGlobalSection
	GlobalSection(SolutionProperties) = preSolution
		HideSolutionNode = FALSE
	EndGlobalSection
	GlobalSection(ExtensibilityGlobals) = postSolution
		SolutionGuid = {AEEB4167-D113-4AE9-9ED6-7D958564B2AF}
	EndGlobalSection
EndGlobal
